
Microsoft Visual Studio Solution File, Format Version 11.00
# Visual Studio 2010
Project("{FAE04EC0-301F-11D3-BF4B-00C04F79EFBC}") = "LEMADOPA", "LEMADOPA\LEMADOPA.csproj", "{B715CCEE-FAA1-4B30-BCB7-5146483AE03D}"
EndProject
Global
	GlobalSection(SolutionConfigurationPlatforms) = preSolution
		Debug|Any CPU = Debug|Any CPU
		Release|Any CPU = Release|Any CPU
	EndGlobalSection
	GlobalSection(ProjectConfigurationPlatforms) = postSolution
		{B715CCEE-FAA1-4B30-BCB7-5146483AE03D}.Debug|Any CPU.ActiveCfg = Debug|Any CPU
		{B715CCEE-FAA1-4B30-BCB7-5146483AE03D}.Debug|Any CPU.Build.0 = Debug|Any CPU
		{B715CCEE-FAA1-4B30-BCB7-5146483AE03D}.Release|Any CPU.ActiveCfg = Release|Any CPU
		{B715CCEE-FAA1-4B30-BCB7-5146483AE03D}.Release|Any CPU.Build.0 = Release|Any CPU
	EndGlobalSection
	GlobalSection(SolutionProperties) = preSolution
		HideSolutionNode = FALSE
	EndGlobalSection
EndGlobal
